Microsoft Visual Studio Solution File, Format Version 12.00
# Visual Studio Version 17
VisualStudioVersion = 17.5.2.0
MinimumVisualStudioVersion = 10.0.40219.1
Project("{FAE04EC0-301F-11D3-BF4B-00C04F79EFBC}") = "customTemplate", "customTemplate.csproj", "{5C24A15A-79EB-2E38-5C14-58EC9033E28F}"
EndProject
Global
	GlobalSection(SolutionConfigurationPlatforms) = preSolution
		Debug|Any CPU = Debug|Any CPU
		Release|Any CPU = Release|Any CPU
	EndGlobalSection
	GlobalSection(ProjectConfigurationPlatforms) = postSolution
		{5C24A15A-79EB-2E38-5C14-58EC9033E28F}.Debug|Any CPU.ActiveCfg = Debug|Any CPU
		{5C24A15A-79EB-2E38-5C14-58EC9033E28F}.Debug|Any CPU.Build.0 = Debug|Any CPU
		{5C24A15A-79EB-2E38-5C14-58EC9033E28F}.Release|Any CPU.ActiveCfg = Release|Any CPU
		{5C24A15A-79EB-2E38-5C14-58EC9033E28F}.Release|Any CPU.Build.0 = Release|Any CPU
	EndGlobalSection
	GlobalSection(SolutionProperties) = preSolution
		HideSolutionNode = FALSE
	EndGlobalSection
	GlobalSection(ExtensibilityGlobals) = postSolution
		SolutionGuid = {BB73B32C-E829-4712-A4A1-E9EE9DBA25A4}
	EndGlobalSection
EndGlobal
